
Microsoft Visual Studio Solution File, Format Version 12.00
# Visual Studio 15
VisualStudioVersion = 15.0.26403.7
MinimumVisualStudioVersion = 10.0.40219.1
Project("{FAE04EC0-301F-11D3-BF4B-00C04F79EFBC}") = "ExecutableFlow.Core", "ExecutableFlow.Core\ExecutableFlow.Core.csproj", "{FD4834A8-995A-427C-B5BC-E758B81BBEE7}"
EndProject
Project("{FAE04EC0-301F-11D3-BF4B-00C04F79EFBC}") = "ExecutableFlow.Tests", "ExecutableFlow.Tests\ExecutableFlow.Tests.csproj", "{12D99521-B18A-48B1-8BF7-EBF7F610040D}"
EndProject
Global
	GlobalSection(SolutionConfigurationPlatforms) = preSolution
		Debug|Any CPU = Debug|Any CPU
		Release|Any CPU = Release|Any CPU
	EndGlobalSection
	GlobalSection(ProjectConfigurationPlatforms) = postSolution
		{FD4834A8-995A-427C-B5BC-E758B81BBEE7}.Debug|Any CPU.ActiveCfg = Debug|Any CPU
		{FD4834A8-995A-427C-B5BC-E758B81BBEE7}.Debug|Any CPU.Build.0 = Debug|Any CPU
		{FD4834A8-995A-427C-B5BC-E758B81BBEE7}.Release|Any CPU.ActiveCfg = Release|Any CPU
		{FD4834A8-995A-427C-B5BC-E758B81BBEE7}.Release|Any CPU.Build.0 = Release|Any CPU
		{12D99521-B18A-48B1-8BF7-EBF7F610040D}.Debug|Any CPU.ActiveCfg = Debug|Any CPU
		{12D99521-B18A-48B1-8BF7-EBF7F610040D}.Debug|Any CPU.Build.0 = Debug|Any CPU
		{12D99521-B18A-48B1-8BF7-EBF7F610040D}.Release|Any CPU.ActiveCfg = Release|Any CPU
		{12D99521-B18A-48B1-8BF7-EBF7F610040D}.Release|Any CPU.Build.0 = Release|Any CPU
	EndGlobalSection
	GlobalSection(SolutionProperties) = preSolution
		HideSolutionNode = FALSE
	EndGlobalSection
EndGlobal
